
Microsoft Visual Studio Solution File, Format Version 12.00
# Visual Studio Version 17
VisualStudioVersion = 17.7.34024.191
MinimumVisualStudioVersion = 10.0.40219.1
Project("{9A19103F-16F7-4668-BE54-9A1E7A4F7556}") = "MagicVilla_API", "MagicVilla_API\MagicVilla_API.csproj", "{5DC9525B-E39F-43D9-BE11-7BBDD660A962}"
EndProject
Project("{FAE04EC0-301F-11D3-BF4B-00C04F79EFBC}") = "MagicVilla_Web", "MagicVilla_Web\MagicVilla_Web.csproj", "{6DDE446C-0EA5-40E0-ABDC-C3D63FB5912D}"
EndProject
Global
	GlobalSection(SolutionConfigurationPlatforms) = preSolution
		Debug|Any CPU = Debug|Any CPU
		Release|Any CPU = Release|Any CPU
	EndGlobalSection
	GlobalSection(ProjectConfigurationPlatforms) = postSolution
		{5DC9525B-E39F-43D9-BE11-7BBDD660A962}.Debug|Any CPU.ActiveCfg = Debug|Any CPU
		{5DC9525B-E39F-43D9-BE11-7BBDD660A962}.Debug|Any CPU.Build.0 = Debug|Any CPU
		{5DC9525B-E39F-43D9-BE11-7BBDD660A962}.Release|Any CPU.ActiveCfg = Release|Any CPU
		{5DC9525B-E39F-43D9-BE11-7BBDD660A962}.Release|Any CPU.Build.0 = Release|Any CPU
		{6DDE446C-0EA5-40E0-ABDC-C3D63FB5912D}.Debug|Any CPU.ActiveCfg = Debug|Any CPU
		{6DDE446C-0EA5-40E0-ABDC-C3D63FB5912D}.Debug|Any CPU.Build.0 = Debug|Any CPU
		{6DDE446C-0EA5-40E0-ABDC-C3D63FB5912D}.Release|Any CPU.ActiveCfg = Release|Any CPU
		{6DDE446C-0EA5-40E0-ABDC-C3D63FB5912D}.Release|Any CPU.Build.0 = Release|Any CPU
	EndGlobalSection
	GlobalSection(SolutionProperties) = preSolution
		HideSolutionNode = FALSE
	EndGlobalSection
	GlobalSection(ExtensibilityGlobals) = postSolution
		SolutionGuid = {91936640-2226-4353-BF00-50259D1BA80B}
	EndGlobalSection
EndGlobal
